{
  "nodes": {
    "libssh2-src": {
      "flake": false,
      "locked": {
        "lastModified": 1729065801,
        "narHash": "sha256-EZ4pbvGLjoYoO0ChKmM+dIcfWhJh48542frYTP+uZb4=",
        "type": "tarball",
        "url": "https://libssh2.org/download/libssh2-1.11.1.tar.gz"
      },
      "original": {
        "type": "tarball",
        "url": "https://libssh2.org/download/libssh2-1.11.1.tar.gz"
      }
    },
    "nixpkgs": {
      "locked": {
        "lastModified": 1784555310,
        "narHash": "sha256-/FCliTPgiuV1owejZFNx3Ch9irdvkOfOFl+HHZ+DrtM=",
        "owner": "NixOS",
        "repo": "nixpkgs",
        "rev": "421eebfd0ec7bccd4abe826ce62d7e6e83129493",
        "type": "github"
      },
      "original": {
        "owner": "NixOS",
        "ref": "nixpkgs-unstable",
        "repo": "nixpkgs",
        "type": "github"
      }
    },
    "openssh-src": {
      "flake": false,
      "locked": {
        "lastModified": 1783324632,
        "narHash": "sha256-myhgl4jatjTtvrIssxI2I5OnoiDEWpJ9Dsut9oeBxdg=",
        "type": "tarball",
        "url": "https://cdn.openbsd.org/pub/OpenBSD/OpenSSH/portable/openssh-10.4p1.tar.gz"
      },
      "original": {
        "type": "tarball",
        "url": "https://cdn.openbsd.org/pub/OpenBSD/OpenSSH/portable/openssh-10.4p1.tar.gz"
      }
    },
    "root": {
      "inputs": {
        "libssh2-src": "libssh2-src",
        "nixpkgs": "nixpkgs",
        "openssh-src": "openssh-src"
      }
    }
  },
  "root": "root",
  "version": 7
}
